{
    "requires": true,
    "lockfileVersion": 1,
    "dependencies": {
        "bootstrap-icons": {
            "version": "1.10.2",
            "resolved": "https://registry.npmjs.org/bootstrap-icons/-/bootstrap-icons-1.10.2.tgz",
            "integrity": "sha512-PTPYadRn1AMGr+QTSxe4ZCc+Wzv9DGZxbi3lNse/dajqV31n2/wl/7NX78ZpkvFgRNmH4ogdIQPQmxAfhEV6nA=="
        },
        "intl": {
            "version": "1.2.5",
            "resolved": "https://registry.npmjs.org/intl/-/intl-1.2.5.tgz",
            "integrity": "sha512-rK0KcPHeBFBcqsErKSpvZnrOmWOj+EmDkyJ57e90YWaQNqbcivcqmKDlHEeNprDWOsKzPsh1BfSpPQdDvclHVw=="
        }
    }
}
